
Microsoft Visual Studio Solution File, Format Version 12.00
# Visual Studio 2013
VisualStudioVersion = 12.0.31101.0
MinimumVisualStudioVersion = 10.0.40219.1
Project("{F2A71F9B-5D33-465A-A702-920D77279786}") = "IVR", "IVR\IVR.fsproj", "{DFE14FD2-DF84-47FA-A547-F43487F80275}"
EndProject
Project("{F2A71F9B-5D33-465A-A702-920D77279786}") = "IVR.Tests", "IVR.Tests\IVR.Tests.fsproj", "{1F4EBD89-5E2D-4C7C-A068-D7DEA77F7518}"
EndProject
Project("{F2A71F9B-5D33-465A-A702-920D77279786}") = "IVR.Asterisk", "IVR.Asterisk\IVR.Asterisk.fsproj", "{D1A9FC5B-A686-4672-84A3-563A9E477E30}"
EndProject
Project("{FAE04EC0-301F-11D3-BF4B-00C04F79EFBC}") = "AsterNET.ARI", "AsterNET.ARI\AsterNET.ARI\AsterNET.ARI.csproj", "{F4C8C633-2207-4C25-89A8-4D23D9CFA964}"
EndProject
Global
	GlobalSection(SolutionConfigurationPlatforms) = preSolution
		Debug|Any CPU = Debug|Any CPU
		Release|Any CPU = Release|Any CPU
	EndGlobalSection
	GlobalSection(ProjectConfigurationPlatforms) = postSolution
		{DFE14FD2-DF84-47FA-A547-F43487F80275}.Debug|Any CPU.ActiveCfg = Debug|Any CPU
		{DFE14FD2-DF84-47FA-A547-F43487F80275}.Debug|Any CPU.Build.0 = Debug|Any CPU
		{DFE14FD2-DF84-47FA-A547-F43487F80275}.Release|Any CPU.ActiveCfg = Release|Any CPU
		{DFE14FD2-DF84-47FA-A547-F43487F80275}.Release|Any CPU.Build.0 = Release|Any CPU
		{1F4EBD89-5E2D-4C7C-A068-D7DEA77F7518}.Debug|Any CPU.ActiveCfg = Debug|Any CPU
		{1F4EBD89-5E2D-4C7C-A068-D7DEA77F7518}.Debug|Any CPU.Build.0 = Debug|Any CPU
		{1F4EBD89-5E2D-4C7C-A068-D7DEA77F7518}.Release|Any CPU.ActiveCfg = Release|Any CPU
		{1F4EBD89-5E2D-4C7C-A068-D7DEA77F7518}.Release|Any CPU.Build.0 = Release|Any CPU
		{D1A9FC5B-A686-4672-84A3-563A9E477E30}.Debug|Any CPU.ActiveCfg = Debug|Any CPU
		{D1A9FC5B-A686-4672-84A3-563A9E477E30}.Debug|Any CPU.Build.0 = Debug|Any CPU
		{D1A9FC5B-A686-4672-84A3-563A9E477E30}.Release|Any CPU.ActiveCfg = Release|Any CPU
		{D1A9FC5B-A686-4672-84A3-563A9E477E30}.Release|Any CPU.Build.0 = Release|Any CPU
		{F4C8C633-2207-4C25-89A8-4D23D9CFA964}.Debug|Any CPU.ActiveCfg = Debug|Any CPU
		{F4C8C633-2207-4C25-89A8-4D23D9CFA964}.Debug|Any CPU.Build.0 = Debug|Any CPU
		{F4C8C633-2207-4C25-89A8-4D23D9CFA964}.Release|Any CPU.ActiveCfg = Release|Any CPU
		{F4C8C633-2207-4C25-89A8-4D23D9CFA964}.Release|Any CPU.Build.0 = Release|Any CPU
	EndGlobalSection
	GlobalSection(SolutionProperties) = preSolution
		HideSolutionNode = FALSE
	EndGlobalSection
EndGlobal
